
Microsoft Visual Studio Solution File, Format Version 12.00
# Visual Studio Version 17
VisualStudioVersion = 17.7.34031.279
MinimumVisualStudioVersion = 10.0.40219.1
Project("{FAE04EC0-301F-11D3-BF4B-00C04F79EFBC}") = "Hotel_Framework_Test.Server", "Hotel_Framework_Test\Server\Hotel_Framework_Test.Server.csproj", "{F49D64B3-CD03-43F7-AE50-7F3ACA6DD718}"
EndProject
Project("{FAE04EC0-301F-11D3-BF4B-00C04F79EFBC}") = "Hotel_Framework_Test.Client", "Hotel_Framework_Test\Client\Hotel_Framework_Test.Client.csproj", "{ABA55008-9983-4E94-B52A-5B1DFF0FCBC4}"
EndProject
Project("{FAE04EC0-301F-11D3-BF4B-00C04F79EFBC}") = "Hotel_Framework_Test.Shared", "Hotel_Framework_Test\Shared\Hotel_Framework_Test.Shared.csproj", "{0792E3F4-D6C1-4D7B-87E7-56E7384CF611}"
EndProject
Global
	GlobalSection(SolutionConfigurationPlatforms) = preSolution
		Debug|Any CPU = Debug|Any CPU
		Release|Any CPU = Release|Any CPU
	EndGlobalSection
	GlobalSection(ProjectConfigurationPlatforms) = postSolution
		{F49D64B3-CD03-43F7-AE50-7F3ACA6DD718}.Debug|Any CPU.ActiveCfg = Debug|Any CPU
		{F49D64B3-CD03-43F7-AE50-7F3ACA6DD718}.Debug|Any CPU.Build.0 = Debug|Any CPU
		{F49D64B3-CD03-43F7-AE50-7F3ACA6DD718}.Release|Any CPU.ActiveCfg = Release|Any CPU
		{F49D64B3-CD03-43F7-AE50-7F3ACA6DD718}.Release|Any CPU.Build.0 = Release|Any CPU
		{ABA55008-9983-4E94-B52A-5B1DFF0FCBC4}.Debug|Any CPU.ActiveCfg = Debug|Any CPU
		{ABA55008-9983-4E94-B52A-5B1DFF0FCBC4}.Debug|Any CPU.Build.0 = Debug|Any CPU
		{ABA55008-9983-4E94-B52A-5B1DFF0FCBC4}.Release|Any CPU.ActiveCfg = Release|Any CPU
		{ABA55008-9983-4E94-B52A-5B1DFF0FCBC4}.Release|Any CPU.Build.0 = Release|Any CPU
		{0792E3F4-D6C1-4D7B-87E7-56E7384CF611}.Debug|Any CPU.ActiveCfg = Debug|Any CPU
		{0792E3F4-D6C1-4D7B-87E7-56E7384CF611}.Debug|Any CPU.Build.0 = Debug|Any CPU
		{0792E3F4-D6C1-4D7B-87E7-56E7384CF611}.Release|Any CPU.ActiveCfg = Release|Any CPU
		{0792E3F4-D6C1-4D7B-87E7-56E7384CF611}.Release|Any CPU.Build.0 = Release|Any CPU
	EndGlobalSection
	GlobalSection(SolutionProperties) = preSolution
		HideSolutionNode = FALSE
	EndGlobalSection
	GlobalSection(ExtensibilityGlobals) = postSolution
		SolutionGuid = {305EEF01-F3BF-4BE7-9900-54643694C263}
	EndGlobalSection
EndGlobal
